# THIS IS AN AUTOGENERATED FILE. DO NOT EDIT THIS FILE DIRECTLY.
# yarn lockfile v1


"@types/cron@^1.3.0":
  version "1.3.0"
  resolved "https://registry.yarnpkg.com/@types/cron/-/cron-1.3.0.tgz#0bb4bc0bd8f493b81b5599a3719520d1d633e669"
  integrity sha512-RNJ6Hbxs9CbUw+Bxt8kpN8/yNlYG1xli0JZSO1xTJJxFjgD2KWctFSkJeJpjf9iLJU0jeNPoJ5LEru7eBN3xuA==

cron@^1.6.0:
  version "1.6.0"
  resolved "https://registry.yarnpkg.com/cron/-/cron-1.6.0.tgz#15f92c1b5a930c5cdfcd53fe940064fa8ca2e72d"
  integrity sha512-8OkXbeK3qF42ndzkIkCo3zfCDg2TxGjQiCQqVE+ZFFHa4vAcw0PdBc5i/6aJ9FppLncyKZmDuZdJ9/uuXEYZaw==
  dependencies:
    moment-timezone "^0.5.x"

moment-timezone@^0.5.x:
  version "0.5.23"
  resolved "https://registry.yarnpkg.com/moment-timezone/-/moment-timezone-0.5.23.tgz#7cbb00db2c14c71b19303cb47b0fb0a6d8651463"
  integrity sha512-WHFH85DkCfiNMDX5D3X7hpNH3/PUhjTGcD0U1SgfBGZxJ3qUmJh5FdvaFjcClxOvB3rzdfj4oRffbI38jEnC1w==
  dependencies:
    moment ">= 2.9.0"

"moment@>= 2.9.0":
  version "2.22.2"
  resolved "https://registry.yarnpkg.com/moment/-/moment-2.22.2.tgz#3c257f9839fc0e93ff53149632239eb90783ff66"
  integrity sha1-PCV/mDn8DpP/UxSWMiOeuQeD/2Y=
